
Microsoft Visual Studio Solution File, Format Version 12.00
# Visual Studio Version 17
VisualStudioVersion = 17.0.31903.59
MinimumVisualStudioVersion = 10.0.40219.1
Project("{FAE04EC0-301F-11D3-BF4B-00C04F79EFBC}") = "A1IntVariablesDemo", "A1IntVariablesDemo\A1IntVariablesDemo.csproj", "{746F4845-348D-48C8-8155-0D9E19309FC2}"
EndProject
Project("{FAE04EC0-301F-11D3-BF4B-00C04F79EFBC}") = "A2CharVariablesDemo", "A2CharVariablesDemo\A2CharVariablesDemo.csproj", "{1FAE2044-8827-4CF4-A8B2-74869EBC0584}"
EndProject
Project("{FAE04EC0-301F-11D3-BF4B-00C04F79EFBC}") = "A3BoolVariablesDemo", "A3BoolVariablesDemo\A3BoolVariablesDemo.csproj", "{36F21187-E9E6-477F-B5D2-5FB4C30C3FDB}"
EndProject
Project("{FAE04EC0-301F-11D3-BF4B-00C04F79EFBC}") = "A4FloatingVariablesDemo", "A4FloatingVariablesDemo\A4FloatingVariablesDemo.csproj", "{CBA3E1BE-6B55-4B72-8B1A-925D046A625B}"
EndProject
Global
	GlobalSection(SolutionConfigurationPlatforms) = preSolution
		Debug|Any CPU = Debug|Any CPU
		Release|Any CPU = Release|Any CPU
	EndGlobalSection
	GlobalSection(SolutionProperties) = preSolution
		HideSolutionNode = FALSE
	EndGlobalSection
	GlobalSection(ProjectConfigurationPlatforms) = postSolution
		{746F4845-348D-48C8-8155-0D9E19309FC2}.Debug|Any CPU.ActiveCfg = Debug|Any CPU
		{746F4845-348D-48C8-8155-0D9E19309FC2}.Debug|Any CPU.Build.0 = Debug|Any CPU
		{746F4845-348D-48C8-8155-0D9E19309FC2}.Release|Any CPU.ActiveCfg = Release|Any CPU
		{746F4845-348D-48C8-8155-0D9E19309FC2}.Release|Any CPU.Build.0 = Release|Any CPU
		{1FAE2044-8827-4CF4-A8B2-74869EBC0584}.Debug|Any CPU.ActiveCfg = Debug|Any CPU
		{1FAE2044-8827-4CF4-A8B2-74869EBC0584}.Debug|Any CPU.Build.0 = Debug|Any CPU
		{1FAE2044-8827-4CF4-A8B2-74869EBC0584}.Release|Any CPU.ActiveCfg = Release|Any CPU
		{1FAE2044-8827-4CF4-A8B2-74869EBC0584}.Release|Any CPU.Build.0 = Release|Any CPU
		{36F21187-E9E6-477F-B5D2-5FB4C30C3FDB}.Debug|Any CPU.ActiveCfg = Debug|Any CPU
		{36F21187-E9E6-477F-B5D2-5FB4C30C3FDB}.Debug|Any CPU.Build.0 = Debug|Any CPU
		{36F21187-E9E6-477F-B5D2-5FB4C30C3FDB}.Release|Any CPU.ActiveCfg = Release|Any CPU
		{36F21187-E9E6-477F-B5D2-5FB4C30C3FDB}.Release|Any CPU.Build.0 = Release|Any CPU
		{CBA3E1BE-6B55-4B72-8B1A-925D046A625B}.Debug|Any CPU.ActiveCfg = Debug|Any CPU
		{CBA3E1BE-6B55-4B72-8B1A-925D046A625B}.Debug|Any CPU.Build.0 = Debug|Any CPU
		{CBA3E1BE-6B55-4B72-8B1A-925D046A625B}.Release|Any CPU.ActiveCfg = Release|Any CPU
		{CBA3E1BE-6B55-4B72-8B1A-925D046A625B}.Release|Any CPU.Build.0 = Release|Any CPU
	EndGlobalSection
EndGlobal
